
Microsoft Visual Studio Solution File, Format Version 12.00
# Visual Studio Version 16
VisualStudioVersion = 16.0.31112.23
MinimumVisualStudioVersion = 10.0.40219.1
Project("{FAE04EC0-301F-11D3-BF4B-00C04F79EFBC}") = "IntegrationTest.MovieManagement", "IntegrationTest.MovieManagement\IntegrationTest.MovieManagement.csproj", "{3A8A3A4C-8220-4F5E-9AE8-0E3C8DD26342}"
EndProject
Global
	GlobalSection(SolutionConfigurationPlatforms) = preSolution
		Debug|Any CPU = Debug|Any CPU
		Release|Any CPU = Release|Any CPU
	EndGlobalSection
	GlobalSection(ProjectConfigurationPlatforms) = postSolution
		{3A8A3A4C-8220-4F5E-9AE8-0E3C8DD26342}.Debug|Any CPU.ActiveCfg = Debug|Any CPU
		{3A8A3A4C-8220-4F5E-9AE8-0E3C8DD26342}.Debug|Any CPU.Build.0 = Debug|Any CPU
		{3A8A3A4C-8220-4F5E-9AE8-0E3C8DD26342}.Release|Any CPU.ActiveCfg = Release|Any CPU
		{3A8A3A4C-8220-4F5E-9AE8-0E3C8DD26342}.Release|Any CPU.Build.0 = Release|Any CPU
	EndGlobalSection
	GlobalSection(SolutionProperties) = preSolution
		HideSolutionNode = FALSE
	EndGlobalSection
	GlobalSection(ExtensibilityGlobals) = postSolution
		SolutionGuid = {0FBC21A8-995F-4DCB-8C0E-A65D797E7B70}
	EndGlobalSection
EndGlobal
