
Microsoft Visual Studio Solution File, Format Version 12.00
# Visual Studio Version 16
VisualStudioVersion = 16.0.31112.23
MinimumVisualStudioVersion = 10.0.40219.1
Project("{FAE04EC0-301F-11D3-BF4B-00C04F79EFBC}") = "IntegrationTest.MovieManagement", "IntegrationTest.MovieManagement\IntegrationTest.MovieManagement.csproj", "{DFBF7F51-D396-4A2A-84C1-0EB998F69C30}"
EndProject
Global
	GlobalSection(SolutionConfigurationPlatforms) = preSolution
		Debug|Any CPU = Debug|Any CPU
		Debug|x64 = Debug|x64
		Release|Any CPU = Release|Any CPU
		Release|x64 = Release|x64
	EndGlobalSection
	GlobalSection(ProjectConfigurationPlatforms) = postSolution
		{DFBF7F51-D396-4A2A-84C1-0EB998F69C30}.Debug|Any CPU.ActiveCfg = Debug|Any CPU
		{DFBF7F51-D396-4A2A-84C1-0EB998F69C30}.Debug|Any CPU.Build.0 = Debug|Any CPU
		{DFBF7F51-D396-4A2A-84C1-0EB998F69C30}.Debug|x64.ActiveCfg = Debug|Any CPU
		{DFBF7F51-D396-4A2A-84C1-0EB998F69C30}.Debug|x64.Build.0 = Debug|Any CPU
		{DFBF7F51-D396-4A2A-84C1-0EB998F69C30}.Release|Any CPU.ActiveCfg = Release|Any CPU
		{DFBF7F51-D396-4A2A-84C1-0EB998F69C30}.Release|Any CPU.Build.0 = Release|Any CPU
		{DFBF7F51-D396-4A2A-84C1-0EB998F69C30}.Release|x64.ActiveCfg = Release|Any CPU
		{DFBF7F51-D396-4A2A-84C1-0EB998F69C30}.Release|x64.Build.0 = Release|Any CPU
	EndGlobalSection
	GlobalSection(SolutionProperties) = preSolution
		HideSolutionNode = FALSE
	EndGlobalSection
	GlobalSection(ExtensibilityGlobals) = postSolution
		SolutionGuid = {0FBC21A8-995F-4DCB-8C0E-A65D797E7B70}
	EndGlobalSection
EndGlobal
