
Microsoft Visual Studio Solution File, Format Version 12.00
# Visual Studio Version 16
VisualStudioVersion = 16.0.30503.244
MinimumVisualStudioVersion = 10.0.40219.1
Project("{FAE04EC0-301F-11D3-BF4B-00C04F79EFBC}") = "PROG8060-Group", "PROG8060-Group\PROG8060-Group.csproj", "{EFEACE2C-C480-47FA-B6E1-8419EFC6B3D1}"
EndProject
Global
	GlobalSection(SolutionConfigurationPlatforms) = preSolution
		Debug|Any CPU = Debug|Any CPU
		Release|Any CPU = Release|Any CPU
	EndGlobalSection
	GlobalSection(ProjectConfigurationPlatforms) = postSolution
		{EFEACE2C-C480-47FA-B6E1-8419EFC6B3D1}.Debug|Any CPU.ActiveCfg = Debug|Any CPU
		{EFEACE2C-C480-47FA-B6E1-8419EFC6B3D1}.Debug|Any CPU.Build.0 = Debug|Any CPU
		{EFEACE2C-C480-47FA-B6E1-8419EFC6B3D1}.Release|Any CPU.ActiveCfg = Release|Any CPU
		{EFEACE2C-C480-47FA-B6E1-8419EFC6B3D1}.Release|Any CPU.Build.0 = Release|Any CPU
	EndGlobalSection
	GlobalSection(SolutionProperties) = preSolution
		HideSolutionNode = FALSE
	EndGlobalSection
	GlobalSection(ExtensibilityGlobals) = postSolution
		SolutionGuid = {773C7997-F404-446D-BC69-F137E72D6B66}
	EndGlobalSection
EndGlobal
